// !$*UTF8*$!
{
	archiveVersion = 1;
	classes = {
	};
	objectVersion = 56;
	objects = {

/* Begin PBXBuildFile section */
		AA36338A29D621B9004E01C5 /* AppDelegate.swift in Sources */ = {isa = PBXBuildFile; fileRef = AA36338929D621B9004E01C5 /* AppDelegate.swift */; };
		AA36338C29D621B9004E01C5 /* SceneDelegate.swift in Sources */ = {isa = PBXBuildFile; fileRef = AA36338B29D621B9004E01C5 /* SceneDelegate.swift */; };
		AA36338E29D621B9004E01C5 /* ViewController.swift in Sources */ = {isa = PBXBuildFile; fileRef = AA36338D29D621B9004E01C5 /* ViewController.swift */; };
		AA36339129D621B9004E01C5 /* Main.storyboard in Resources */ = {isa = PBXBuildFile; fileRef = AA36338F29D621B9004E01C5 /* Main.storyboard */; };
		AA36339329D621BB004E01C5 /* Assets.xcassets in Resources */ = {isa = PBXBuildFile; fileRef = AA36339229D621BB004E01C5 /* Assets.xcassets */; };
		AA36339629D621BB004E01C5 /* LaunchScreen.storyboard in Resources */ = {isa = PBXBuildFile; fileRef = AA36339429D621BB004E01C5 /* LaunchScreen.storyboard */; };
		AA36339E29D63330004E01C5 /* AppCell.swift in Sources */ = {isa = PBXBuildFile; fileRef = AA36339D29D63330004E01C5 /* AppCell.swift */; };
		AA3633A029D66311004E01C5 /* CategoryCell.swift in Sources */ = {isa = PBXBuildFile; fileRef = AA36339F29D66311004E01C5 /* CategoryCell.swift */; };
		AA689EF529D76F9B003B8CFA /* AppCategoryModel.swift in Sources */ = {isa = PBXBuildFile; fileRef = AA689EF429D76F9B003B8CFA /* AppCategoryModel.swift */; };
		AA689EF729D76FA7003B8CFA /* AppModel.swift in Sources */ = {isa = PBXBuildFile; fileRef = AA689EF629D76FA7003B8CFA /* AppModel.swift */; };
		AA689EF929D8EAA4003B8CFA /* AppCategoryViewModelType.swift in Sources */ = {isa = PBXBuildFile; fileRef = AA689EF829D8EAA4003B8CFA /* AppCategoryViewModelType.swift */; };
		AA689EFB29D8EABB003B8CFA /* AppViewModelType.swift in Sources */ = {isa = PBXBuildFile; fileRef = AA689EFA29D8EABB003B8CFA /* AppViewModelType.swift */; };
		AA689EFD29D8F189003B8CFA /* MockAppData.swift in Sources */ = {isa = PBXBuildFile; fileRef = AA689EFC29D8F189003B8CFA /* MockAppData.swift */; };
		AA689F0329D9CB04003B8CFA /* AppStoreCategoryViewModel.swift in Sources */ = {isa = PBXBuildFile; fileRef = AA689F0229D9CB04003B8CFA /* AppStoreCategoryViewModel.swift */; };
		AA689F0529D9CEFC003B8CFA /* AppStoreAppViewModel.swift in Sources */ = {isa = PBXBuildFile; fileRef = AA689F0429D9CEFC003B8CFA /* AppStoreAppViewModel.swift */; };
		AA689F0829DB513E003B8CFA /* HTTPRequestHelper.swift in Sources */ = {isa = PBXBuildFile; fileRef = AA689F0729DB513E003B8CFA /* HTTPRequestHelper.swift */; };
		AA689F0A29DB516C003B8CFA /* DataService.swift in Sources */ = {isa = PBXBuildFile; fileRef = AA689F0929DB516C003B8CFA /* DataService.swift */; };
		AA689F0C29DB94DA003B8CFA /* AppDetailViewController.swift in Sources */ = {isa = PBXBuildFile; fileRef = AA689F0B29DB94DA003B8CFA /* AppDetailViewController.swift */; };
		AA689F0E29DDBEF0003B8CFA /* AppDetailHeader.swift in Sources */ = {isa = PBXBuildFile; fileRef = AA689F0D29DDBEF0003B8CFA /* AppDetailHeader.swift */; };
		AA689F1029DDBF41003B8CFA /* AppDetailScreenshotCell.swift in Sources */ = {isa = PBXBuildFile; fileRef = AA689F0F29DDBF41003B8CFA /* AppDetailScreenshotCell.swift */; };
/* End PBXBuildFile section */

/* Begin PBXFileReference section */
		AA36338629D621B9004E01C5 /* proto-appstore-mock-ios.app */ = {isa = PBXFileReference; explicitFileType = wrapper.application; includeInIndex = 0; path = "proto-appstore-mock-ios.app"; sourceTree = BUILT_PRODUCTS_DIR; };
		AA36338929D621B9004E01C5 /* AppDelegate.swift */ = {isa = PBXFileReference; lastKnownFileType = sourcecode.swift; path = AppDelegate.swift; sourceTree = "<group>"; };
		AA36338B29D621B9004E01C5 /* SceneDelegate.swift */ = {isa = PBXFileReference; lastKnownFileType = sourcecode.swift; path = SceneDelegate.swift; sourceTree = "<group>"; };
		AA36338D29D621B9004E01C5 /* ViewController.swift */ = {isa = PBXFileReference; lastKnownFileType = sourcecode.swift; path = ViewController.swift; sourceTree = "<group>"; };
		AA36339029D621B9004E01C5 /* Base */ = {isa = PBXFileReference; lastKnownFileType = file.storyboard; name = Base; path = Base.lproj/Main.storyboard; sourceTree = "<group>"; };
		AA36339229D621BB004E01C5 /* Assets.xcassets */ = {isa = PBXFileReference; lastKnownFileType = folder.assetcatalog; path = Assets.xcassets; sourceTree = "<group>"; };
		AA36339529D621BB004E01C5 /* Base */ = {isa = PBXFileReference; lastKnownFileType = file.storyboard; name = Base; path = Base.lproj/LaunchScreen.storyboard; sourceTree = "<group>"; };
		AA36339729D621BB004E01C5 /* Info.plist */ = {isa = PBXFileReference; lastKnownFileType = text.plist.xml; path = Info.plist; sourceTree = "<group>"; };
		AA36339D29D63330004E01C5 /* AppCell.swift */ = {isa = PBXFileReference; lastKnownFileType = sourcecode.swift; path = AppCell.swift; sourceTree = "<group>"; };
		AA36339F29D66311004E01C5 /* CategoryCell.swift */ = {isa = PBXFileReference; lastKnownFileType = sourcecode.swift; path = CategoryCell.swift; sourceTree = "<group>"; };
		AA689EF429D76F9B003B8CFA /* AppCategoryModel.swift */ = {isa = PBXFileReference; lastKnownFileType = sourcecode.swift; path = AppCategoryModel.swift; sourceTree = "<group>"; };
		AA689EF629D76FA7003B8CFA /* AppModel.swift */ = {isa = PBXFileReference; lastKnownFileType = sourcecode.swift; path = AppModel.swift; sourceTree = "<group>"; };
		AA689EF829D8EAA4003B8CFA /* AppCategoryViewModelType.swift */ = {isa = PBXFileReference; lastKnownFileType = sourcecode.swift; path = AppCategoryViewModelType.swift; sourceTree = "<group>"; };
		AA689EFA29D8EABB003B8CFA /* AppViewModelType.swift */ = {isa = PBXFileReference; lastKnownFileType = sourcecode.swift; path = AppViewModelType.swift; sourceTree = "<group>"; };
		AA689EFC29D8F189003B8CFA /* MockAppData.swift */ = {isa = PBXFileReference; lastKnownFileType = sourcecode.swift; path = MockAppData.swift; sourceTree = "<group>"; };
		AA689F0229D9CB04003B8CFA /* AppStoreCategoryViewModel.swift */ = {isa = PBXFileReference; lastKnownFileType = sourcecode.swift; path = AppStoreCategoryViewModel.swift; sourceTree = "<group>"; };
		AA689F0429D9CEFC003B8CFA /* AppStoreAppViewModel.swift */ = {isa = PBXFileReference; lastKnownFileType = sourcecode.swift; path = AppStoreAppViewModel.swift; sourceTree = "<group>"; };
		AA689F0729DB513E003B8CFA /* HTTPRequestHelper.swift */ = {isa = PBXFileReference; lastKnownFileType = sourcecode.swift; path = HTTPRequestHelper.swift; sourceTree = "<group>"; };
		AA689F0929DB516C003B8CFA /* DataService.swift */ = {isa = PBXFileReference; lastKnownFileType = sourcecode.swift; path = DataService.swift; sourceTree = "<group>"; };
		AA689F0B29DB94DA003B8CFA /* AppDetailViewController.swift */ = {isa = PBXFileReference; lastKnownFileType = sourcecode.swift; path = AppDetailViewController.swift; sourceTree = "<group>"; };
		AA689F0D29DDBEF0003B8CFA /* AppDetailHeader.swift */ = {isa = PBXFileReference; lastKnownFileType = sourcecode.swift; path = AppDetailHeader.swift; sourceTree = "<group>"; };
		AA689F0F29DDBF41003B8CFA /* AppDetailScreenshotCell.swift */ = {isa = PBXFileReference; lastKnownFileType = sourcecode.swift; path = AppDetailScreenshotCell.swift; sourceTree = "<group>"; };
/* End PBXFileReference section */

/* Begin PBXFrameworksBuildPhase section */
		AA36338329D621B9004E01C5 /* Frameworks */ = {
			isa = PBXFrameworksBuildPhase;
			buildActionMask = 2147483647;
			files = (
			);
			runOnlyForDeploymentPostprocessing = 0;
		};
/* End PBXFrameworksBuildPhase section */

/* Begin PBXGroup section */
		AA36337D29D621B9004E01C5 = {
			isa = PBXGroup;
			children = (
				AA36338829D621B9004E01C5 /* proto-appstore-mock-ios */,
				AA36338729D621B9004E01C5 /* Products */,
			);
			sourceTree = "<group>";
		};
		AA36338729D621B9004E01C5 /* Products */ = {
			isa = PBXGroup;
			children = (
				AA36338629D621B9004E01C5 /* proto-appstore-mock-ios.app */,
			);
			name = Products;
			sourceTree = "<group>";
		};
		AA36338829D621B9004E01C5 /* proto-appstore-mock-ios */ = {
			isa = PBXGroup;
			children = (
				AA689F0629DB5106003B8CFA /* Helper */,
				AA689F0129D9B58A003B8CFA /* Test */,
				AA689F0029D9B52E003B8CFA /* Controller */,
				AA689EFF29D9B521003B8CFA /* View */,
				AA689EFE29D9B514003B8CFA /* Model */,
				AA36338929D621B9004E01C5 /* AppDelegate.swift */,
				AA36338B29D621B9004E01C5 /* SceneDelegate.swift */,
				AA36339229D621BB004E01C5 /* Assets.xcassets */,
				AA36339729D621BB004E01C5 /* Info.plist */,
			);
			path = "proto-appstore-mock-ios";
			sourceTree = "<group>";
		};
		AA689EFE29D9B514003B8CFA /* Model */ = {
			isa = PBXGroup;
			children = (
				AA689EF429D76F9B003B8CFA /* AppCategoryModel.swift */,
				AA689EF629D76FA7003B8CFA /* AppModel.swift */,
				AA689EF829D8EAA4003B8CFA /* AppCategoryViewModelType.swift */,
				AA689EFA29D8EABB003B8CFA /* AppViewModelType.swift */,
				AA689F0229D9CB04003B8CFA /* AppStoreCategoryViewModel.swift */,
				AA689F0429D9CEFC003B8CFA /* AppStoreAppViewModel.swift */,
			);
			path = Model;
			sourceTree = "<group>";
		};
		AA689EFF29D9B521003B8CFA /* View */ = {
			isa = PBXGroup;
			children = (
				AA36339D29D63330004E01C5 /* AppCell.swift */,
				AA36339F29D66311004E01C5 /* CategoryCell.swift */,
				AA36338F29D621B9004E01C5 /* Main.storyboard */,
				AA36339429D621BB004E01C5 /* LaunchScreen.storyboard */,
				AA689F0D29DDBEF0003B8CFA /* AppDetailHeader.swift */,
				AA689F0F29DDBF41003B8CFA /* AppDetailScreenshotCell.swift */,
			);
			path = View;
			sourceTree = "<group>";
		};
		AA689F0029D9B52E003B8CFA /* Controller */ = {
			isa = PBXGroup;
			children = (
				AA36338D29D621B9004E01C5 /* ViewController.swift */,
				AA689F0B29DB94DA003B8CFA /* AppDetailViewController.swift */,
			);
			path = Controller;
			sourceTree = "<group>";
		};
		AA689F0129D9B58A003B8CFA /* Test */ = {
			isa = PBXGroup;
			children = (
				AA689EFC29D8F189003B8CFA /* MockAppData.swift */,
				AA689F0929DB516C003B8CFA /* DataService.swift */,
			);
			path = Test;
			sourceTree = "<group>";
		};
		AA689F0629DB5106003B8CFA /* Helper */ = {
			isa = PBXGroup;
			children = (
				AA689F0729DB513E003B8CFA /* HTTPRequestHelper.swift */,
			);
			path = Helper;
			sourceTree = "<group>";
		};
/* End PBXGroup section */

/* Begin PBXNativeTarget section */
		AA36338529D621B9004E01C5 /* proto-appstore-mock-ios */ = {
			isa = PBXNativeTarget;
			buildConfigurationList = AA36339A29D621BB004E01C5 /* Build configuration list for PBXNativeTarget "proto-appstore-mock-ios" */;
			buildPhases = (
				AA36338229D621B9004E01C5 /* Sources */,
				AA36338329D621B9004E01C5 /* Frameworks */,
				AA36338429D621B9004E01C5 /* Resources */,
			);
			buildRules = (
			);
			dependencies = (
			);
			name = "proto-appstore-mock-ios";
			productName = "proto-appstore-mock-ios";
			productReference = AA36338629D621B9004E01C5 /* proto-appstore-mock-ios.app */;
			productType = "com.apple.product-type.application";
		};
/* End PBXNativeTarget section */

/* Begin PBXProject section */
		AA36337E29D621B9004E01C5 /* Project object */ = {
			isa = PBXProject;
			attributes = {
				BuildIndependentTargetsInParallel = 1;
				LastSwiftUpdateCheck = 1420;
				LastUpgradeCheck = 1420;
				TargetAttributes = {
					AA36338529D621B9004E01C5 = {
						CreatedOnToolsVersion = 14.2;
					};
				};
			};
			buildConfigurationList = AA36338129D621B9004E01C5 /* Build configuration list for PBXProject "proto-appstore-mock-ios" */;
			compatibilityVersion = "Xcode 14.0";
			developmentRegion = en;
			hasScannedForEncodings = 0;
			knownRegions = (
				en,
				Base,
			);
			mainGroup = AA36337D29D621B9004E01C5;
			productRefGroup = AA36338729D621B9004E01C5 /* Products */;
			projectDirPath = "";
			projectRoot = "";
			targets = (
				AA36338529D621B9004E01C5 /* proto-appstore-mock-ios */,
			);
		};
/* End PBXProject section */

/* Begin PBXResourcesBuildPhase section */
		AA36338429D621B9004E01C5 /* Resources */ = {
			isa = PBXResourcesBuildPhase;
			buildActionMask = 2147483647;
			files = (
				AA36339629D621BB004E01C5 /* LaunchScreen.storyboard in Resources */,
				AA36339329D621BB004E01C5 /* Assets.xcassets in Resources */,
				AA36339129D621B9004E01C5 /* Main.storyboard in Resources */,
			);
			runOnlyForDeploymentPostprocessing = 0;
		};
/* End PBXResourcesBuildPhase section */

/* Begin PBXSourcesBuildPhase section */
		AA36338229D621B9004E01C5 /* Sources */ = {
			isa = PBXSourcesBuildPhase;
			buildActionMask = 2147483647;
			files = (
				AA689F0529D9CEFC003B8CFA /* AppStoreAppViewModel.swift in Sources */,
				AA689F0A29DB516C003B8CFA /* DataService.swift in Sources */,
				AA689EF929D8EAA4003B8CFA /* AppCategoryViewModelType.swift in Sources */,
				AA689EF729D76FA7003B8CFA /* AppModel.swift in Sources */,
				AA689EFB29D8EABB003B8CFA /* AppViewModelType.swift in Sources */,
				AA689F1029DDBF41003B8CFA /* AppDetailScreenshotCell.swift in Sources */,
				AA689F0829DB513E003B8CFA /* HTTPRequestHelper.swift in Sources */,
				AA689F0C29DB94DA003B8CFA /* AppDetailViewController.swift in Sources */,
				AA36338E29D621B9004E01C5 /* ViewController.swift in Sources */,
				AA36339E29D63330004E01C5 /* AppCell.swift in Sources */,
				AA36338A29D621B9004E01C5 /* AppDelegate.swift in Sources */,
				AA689F0329D9CB04003B8CFA /* AppStoreCategoryViewModel.swift in Sources */,
				AA36338C29D621B9004E01C5 /* SceneDelegate.swift in Sources */,
				AA689EFD29D8F189003B8CFA /* MockAppData.swift in Sources */,
				AA689F0E29DDBEF0003B8CFA /* AppDetailHeader.swift in Sources */,
				AA3633A029D66311004E01C5 /* CategoryCell.swift in Sources */,
				AA689EF529D76F9B003B8CFA /* AppCategoryModel.swift in Sources */,
			);
			runOnlyForDeploymentPostprocessing = 0;
		};
/* End PBXSourcesBuildPhase section */

/* Begin PBXVariantGroup section */
		AA36338F29D621B9004E01C5 /* Main.storyboard */ = {
			isa = PBXVariantGroup;
			children = (
				AA36339029D621B9004E01C5 /* Base */,
			);
			name = Main.storyboard;
			sourceTree = "<group>";
		};
		AA36339429D621BB004E01C5 /* LaunchScreen.storyboard */ = {
			isa = PBXVariantGroup;
			children = (
				AA36339529D621BB004E01C5 /* Base */,
			);
			name = LaunchScreen.storyboard;
			sourceTree = "<group>";
		};
/* End PBXVariantGroup section */

/* Begin XCBuildConfiguration section */
		AA36339829D621BB004E01C5 /* Debug */ = {
			isa = XCBuildConfiguration;
			buildSettings = {
				ALWAYS_SEARCH_USER_PATHS = NO;
				CLANG_ANALYZER_NONNULL = YES;
				CLANG_ANALYZER_NUMBER_OBJECT_CONVERSION = YES_AGGRESSIVE;
				CLANG_CXX_LANGUAGE_STANDARD = "gnu++20";
				CLANG_ENABLE_MODULES = YES;
				CLANG_ENABLE_OBJC_ARC = YES;
				CLANG_ENABLE_OBJC_WEAK = YES;
				CLANG_WARN_BLOCK_CAPTURE_AUTORELEASING = YES;
				CLANG_WARN_BOOL_CONVERSION = YES;
				CLANG_WARN_COMMA = YES;
				CLANG_WARN_CONSTANT_CONVERSION = YES;
				CLANG_WARN_DEPRECATED_OBJC_IMPLEMENTATIONS = YES;
				CLANG_WARN_DIRECT_OBJC_ISA_USAGE = YES_ERROR;
				CLANG_WARN_DOCUMENTATION_COMMENTS = YES;
				CLANG_WARN_EMPTY_BODY = YES;
				CLANG_WARN_ENUM_CONVERSION = YES;
				CLANG_WARN_INFINITE_RECURSION = YES;
				CLANG_WARN_INT_CONVERSION = YES;
				CLANG_WARN_NON_LITERAL_NULL_CONVERSION = YES;
				CLANG_WARN_OBJC_IMPLICIT_RETAIN_SELF = YES;
				CLANG_WARN_OBJC_LITERAL_CONVERSION = YES;
				CLANG_WARN_OBJC_ROOT_CLASS = YES_ERROR;
				CLANG_WARN_QUOTED_INCLUDE_IN_FRAMEWORK_HEADER = YES;
				CLANG_WARN_RANGE_LOOP_ANALYSIS = YES;
				CLANG_WARN_STRICT_PROTOTYPES = YES;
				CLANG_WARN_SUSPICIOUS_MOVE = YES;
				CLANG_WARN_UNGUARDED_AVAILABILITY = YES_AGGRESSIVE;
				CLANG_WARN_UNREACHABLE_CODE = YES;
				CLANG_WARN__DUPLICATE_METHOD_MATCH = YES;
				COPY_PHASE_STRIP = NO;
				DEBUG_INFORMATION_FORMAT = dwarf;
				ENABLE_STRICT_OBJC_MSGSEND = YES;
				ENABLE_TESTABILITY = YES;
				GCC_C_LANGUAGE_STANDARD = gnu11;
				GCC_DYNAMIC_NO_PIC = NO;
				GCC_NO_COMMON_BLOCKS = YES;
				GCC_OPTIMIZATION_LEVEL = 0;
				GCC_PREPROCESSOR_DEFINITIONS = (
					"DEBUG=1",
					"$(inherited)",
				);
				GCC_WARN_64_TO_32_BIT_CONVERSION = YES;
				GCC_WARN_ABOUT_RETURN_TYPE = YES_ERROR;
				GCC_WARN_UNDECLARED_SELECTOR = YES;
				GCC_WARN_UNINITIALIZED_AUTOS = YES_AGGRESSIVE;
				GCC_WARN_UNUSED_FUNCTION = YES;
				GCC_WARN_UNUSED_VARIABLE = YES;
				IPHONEOS_DEPLOYMENT_TARGET = 16.2;
				MTL_ENABLE_DEBUG_INFO = INCLUDE_SOURCE;
				MTL_FAST_MATH = YES;
				ONLY_ACTIVE_ARCH = YES;
				SDKROOT = iphoneos;
				SWIFT_ACTIVE_COMPILATION_CONDITIONS = DEBUG;
				SWIFT_OPTIMIZATION_LEVEL = "-Onone";
			};
			name = Debug;
		};
		AA36339929D621BB004E01C5 /* Release */ = {
			isa = XCBuildConfiguration;
			buildSettings = {
				ALWAYS_SEARCH_USER_PATHS = NO;
				CLANG_ANALYZER_NONNULL = YES;
				CLANG_ANALYZER_NUMBER_OBJECT_CONVERSION = YES_AGGRESSIVE;
				CLANG_CXX_LANGUAGE_STANDARD = "gnu++20";
				CLANG_ENABLE_MODULES = YES;
				CLANG_ENABLE_OBJC_ARC = YES;
				CLANG_ENABLE_OBJC_WEAK = YES;
				CLANG_WARN_BLOCK_CAPTURE_AUTORELEASING = YES;
				CLANG_WARN_BOOL_CONVERSION = YES;
				CLANG_WARN_COMMA = YES;
				CLANG_WARN_CONSTANT_CONVERSION = YES;
				CLANG_WARN_DEPRECATED_OBJC_IMPLEMENTATIONS = YES;
				CLANG_WARN_DIRECT_OBJC_ISA_USAGE = YES_ERROR;
				CLANG_WARN_DOCUMENTATION_COMMENTS = YES;
				CLANG_WARN_EMPTY_BODY = YES;
				CLANG_WARN_ENUM_CONVERSION = YES;
				CLANG_WARN_INFINITE_RECURSION = YES;
				CLANG_WARN_INT_CONVERSION = YES;
				CLANG_WARN_NON_LITERAL_NULL_CONVERSION = YES;
				CLANG_WARN_OBJC_IMPLICIT_RETAIN_SELF = YES;
				CLANG_WARN_OBJC_LITERAL_CONVERSION = YES;
				CLANG_WARN_OBJC_ROOT_CLASS = YES_ERROR;
				CLANG_WARN_QUOTED_INCLUDE_IN_FRAMEWORK_HEADER = YES;
				CLANG_WARN_RANGE_LOOP_ANALYSIS = YES;
				CLANG_WARN_STRICT_PROTOTYPES = YES;
				CLANG_WARN_SUSPICIOUS_MOVE = YES;
				CLANG_WARN_UNGUARDED_AVAILABILITY = YES_AGGRESSIVE;
				CLANG_WARN_UNREACHABLE_CODE = YES;
				CLANG_WARN__DUPLICATE_METHOD_MATCH = YES;
				COPY_PHASE_STRIP = NO;
				DEBUG_INFORMATION_FORMAT = "dwarf-with-dsym";
				ENABLE_NS_ASSERTIONS = NO;
				ENABLE_STRICT_OBJC_MSGSEND = YES;
				GCC_C_LANGUAGE_STANDARD = gnu11;
				GCC_NO_COMMON_BLOCKS = YES;
				GCC_WARN_64_TO_32_BIT_CONVERSION = YES;
				GCC_WARN_ABOUT_RETURN_TYPE = YES_ERROR;
				GCC_WARN_UNDECLARED_SELECTOR = YES;
				GCC_WARN_UNINITIALIZED_AUTOS = YES_AGGRESSIVE;
				GCC_WARN_UNUSED_FUNCTION = YES;
				GCC_WARN_UNUSED_VARIABLE = YES;
				IPHONEOS_DEPLOYMENT_TARGET = 16.2;
				MTL_ENABLE_DEBUG_INFO = NO;
				MTL_FAST_MATH = YES;
				SDKROOT = iphoneos;
				SWIFT_COMPILATION_MODE = wholemodule;
				SWIFT_OPTIMIZATION_LEVEL = "-O";
				VALIDATE_PRODUCT = YES;
			};
			name = Release;
		};
		AA36339B29D621BB004E01C5 /* Debug */ = {
			isa = XCBuildConfiguration;
			buildSettings = {
				ASSETCATALOG_COMPILER_APPICON_NAME = AppIcon;
				ASSETCATALOG_COMPILER_GLOBAL_ACCENT_COLOR_NAME = AccentColor;
				CODE_SIGN_STYLE = Automatic;
				CURRENT_PROJECT_VERSION = 1;
				GENERATE_INFOPLIST_FILE = YES;
				INFOPLIST_FILE = "proto-appstore-mock-ios/Info.plist";
				INFOPLIST_KEY_UIApplicationSupportsIndirectInputEvents = YES;
				INFOPLIST_KEY_UILaunchStoryboardName = LaunchScreen;
				INFOPLIST_KEY_UIMainStoryboardFile = Main;
				INFOPLIST_KEY_UISupportedInterfaceOrientations_iPad = "UIInterfaceOrientationPortrait UIInterfaceOrientationPortraitUpsideDown UIInterfaceOrientationLandscapeLeft UIInterfaceOrientationLandscapeRight";
				INFOPLIST_KEY_UISupportedInterfaceOrientations_iPhone = "UIInterfaceOrientationPortrait UIInterfaceOrientationLandscapeLeft UIInterfaceOrientationLandscapeRight";
				LD_RUNPATH_SEARCH_PATHS = (
					"$(inherited)",
					"@executable_path/Frameworks",
				);
				MARKETING_VERSION = 1.0;
				PRODUCT_BUNDLE_IDENTIFIER = "com.sankris.proto-appstore-mock-ios";
				PRODUCT_NAME = "$(TARGET_NAME)";
				SWIFT_EMIT_LOC_STRINGS = YES;
				SWIFT_VERSION = 5.0;
				TARGETED_DEVICE_FAMILY = "1,2";
			};
			name = Debug;
		};
		AA36339C29D621BB004E01C5 /* Release */ = {
			isa = XCBuildConfiguration;
			buildSettings = {
				ASSETCATALOG_COMPILER_APPICON_NAME = AppIcon;
				ASSETCATALOG_COMPILER_GLOBAL_ACCENT_COLOR_NAME = AccentColor;
				CODE_SIGN_STYLE = Automatic;
				CURRENT_PROJECT_VERSION = 1;
				GENERATE_INFOPLIST_FILE = YES;
				INFOPLIST_FILE = "proto-appstore-mock-ios/Info.plist";
				INFOPLIST_KEY_UIApplicationSupportsIndirectInputEvents = YES;
				INFOPLIST_KEY_UILaunchStoryboardName = LaunchScreen;
				INFOPLIST_KEY_UIMainStoryboardFile = Main;
				INFOPLIST_KEY_UISupportedInterfaceOrientations_iPad = "UIInterfaceOrientationPortrait UIInterfaceOrientationPortraitUpsideDown UIInterfaceOrientationLandscapeLeft UIInterfaceOrientationLandscapeRight";
				INFOPLIST_KEY_UISupportedInterfaceOrientations_iPhone = "UIInterfaceOrientationPortrait UIInterfaceOrientationLandscapeLeft UIInterfaceOrientationLandscapeRight";
				LD_RUNPATH_SEARCH_PATHS = (
					"$(inherited)",
					"@executable_path/Frameworks",
				);
				MARKETING_VERSION = 1.0;
				PRODUCT_BUNDLE_IDENTIFIER = "com.sankris.proto-appstore-mock-ios";
				PRODUCT_NAME = "$(TARGET_NAME)";
				SWIFT_EMIT_LOC_STRINGS = YES;
				SWIFT_VERSION = 5.0;
				TARGETED_DEVICE_FAMILY = "1,2";
			};
			name = Release;
		};
/* End XCBuildConfiguration section */

/* Begin XCConfigurationList section */
		AA36338129D621B9004E01C5 /* Build configuration list for PBXProject "proto-appstore-mock-ios" */ = {
			isa = XCConfigurationList;
			buildConfigurations = (
				AA36339829D621BB004E01C5 /* Debug */,
				AA36339929D621BB004E01C5 /* Release */,
			);
			defaultConfigurationIsVisible = 0;
			defaultConfigurationName = Release;
		};
		AA36339A29D621BB004E01C5 /* Build configuration list for PBXNativeTarget "proto-appstore-mock-ios" */ = {
			isa = XCConfigurationList;
			buildConfigurations = (
				AA36339B29D621BB004E01C5 /* Debug */,
				AA36339C29D621BB004E01C5 /* Release */,
			);
			defaultConfigurationIsVisible = 0;
			defaultConfigurationName = Release;
		};
/* End XCConfigurationList section */
	};
	rootObject = AA36337E29D621B9004E01C5 /* Project object */;
}
